Microsoft Visual Studio Solution File, Format Version 11.00
# Visual Studio 2010
Project("{8BC9CEB8-8B4A-11D0-8D11-00A0C91BC942}") = "ALL_BUILD", "ALL_BUILD.vcxproj", "{E34C072C-A063-3063-A101-303E09190F16}"
	ProjectSection(ProjectDependencies) = postProject
		{7291441A-8B6F-3540-B61B-CA361A36D0E4} = {7291441A-8B6F-3540-B61B-CA361A36D0E4}
		{794FC52E-CA6A-3774-BBCF-3E4171EA1D69} = {794FC52E-CA6A-3774-BBCF-3E4171EA1D69}
		{6BAC0567-EF00-3164-874E-8D9F044DAE2F} = {6BAC0567-EF00-3164-874E-8D9F044DAE2F}
		{45FD224A-A7A4-3093-955E-5D05DE1335A9} = {45FD224A-A7A4-3093-955E-5D05DE1335A9}
		{C03C661C-86E3-3F5B-88CE-7A5C93348DE7} = {C03C661C-86E3-3F5B-88CE-7A5C93348DE7}
	EndProjectSection
EndProject
Project("{8BC9CEB8-8B4A-11D0-8D11-00A0C91BC942}") = "ZERO_CHECK", "ZERO_CHECK.vcxproj", "{7291441A-8B6F-3540-B61B-CA361A36D0E4}"
	ProjectSection(ProjectDependencies) = postProject
	EndProjectSection
EndProject
Project("{8BC9CEB8-8B4A-11D0-8D11-00A0C91BC942}") = "app", "app\app.vcxproj", "{794FC52E-CA6A-3774-BBCF-3E4171EA1D69}"
	ProjectSection(ProjectDependencies) = postProject
		{7291441A-8B6F-3540-B61B-CA361A36D0E4} = {7291441A-8B6F-3540-B61B-CA361A36D0E4}
		{6BAC0567-EF00-3164-874E-8D9F044DAE2F} = {6BAC0567-EF00-3164-874E-8D9F044DAE2F}
	EndProjectSection
EndProject
Project("{8BC9CEB8-8B4A-11D0-8D11-00A0C91BC942}") = "code", "src\code.vcxproj", "{6BAC0567-EF00-3164-874E-8D9F044DAE2F}"
	ProjectSection(ProjectDependencies) = postProject
		{7291441A-8B6F-3540-B61B-CA361A36D0E4} = {7291441A-8B6F-3540-B61B-CA361A36D0E4}
	EndProjectSection
EndProject
Project("{8BC9CEB8-8B4A-11D0-8D11-00A0C91BC942}") = "gtest", "3rdparty\gtest\gtest.vcxproj", "{45FD224A-A7A4-3093-955E-5D05DE1335A9}"
	ProjectSection(ProjectDependencies) = postProject
		{7291441A-8B6F-3540-B61B-CA361A36D0E4} = {7291441A-8B6F-3540-B61B-CA361A36D0E4}
	EndProjectSection
EndProject
Project("{8BC9CEB8-8B4A-11D0-8D11-00A0C91BC942}") = "mytest", "test\mytest.vcxproj", "{C03C661C-86E3-3F5B-88CE-7A5C93348DE7}"
	ProjectSection(ProjectDependencies) = postProject
		{7291441A-8B6F-3540-B61B-CA361A36D0E4} = {7291441A-8B6F-3540-B61B-CA361A36D0E4}
		{6BAC0567-EF00-3164-874E-8D9F044DAE2F} = {6BAC0567-EF00-3164-874E-8D9F044DAE2F}
		{45FD224A-A7A4-3093-955E-5D05DE1335A9} = {45FD224A-A7A4-3093-955E-5D05DE1335A9}
	EndProjectSection
EndProject
Global
	GlobalSection(SolutionConfigurationPlatforms) = preSolution
		Debug|Win32 = Debug|Win32
		Release|Win32 = Release|Win32
		MinSizeRel|Win32 = MinSizeRel|Win32
		RelWithDebInfo|Win32 = RelWithDebInfo|Win32
	EndGlobalSection
	GlobalSection(ProjectConfigurationPlatforms) = postSolution
		{E34C072C-A063-3063-A101-303E09190F16}.Debug|Win32.ActiveCfg = Debug|Win32
		{E34C072C-A063-3063-A101-303E09190F16}.Release|Win32.ActiveCfg = Release|Win32
		{E34C072C-A063-3063-A101-303E09190F16}.MinSizeRel|Win32.ActiveCfg = MinSizeRel|Win32
		{E34C072C-A063-3063-A101-303E09190F16}.RelWithDebInfo|Win32.ActiveCfg = RelWithDebInfo|Win32
		{7291441A-8B6F-3540-B61B-CA361A36D0E4}.Debug|Win32.ActiveCfg = Debug|Win32
		{7291441A-8B6F-3540-B61B-CA361A36D0E4}.Debug|Win32.Build.0 = Debug|Win32
		{7291441A-8B6F-3540-B61B-CA361A36D0E4}.Release|Win32.ActiveCfg = Release|Win32
		{7291441A-8B6F-3540-B61B-CA361A36D0E4}.Release|Win32.Build.0 = Release|Win32
		{7291441A-8B6F-3540-B61B-CA361A36D0E4}.MinSizeRel|Win32.ActiveCfg = MinSizeRel|Win32
		{7291441A-8B6F-3540-B61B-CA361A36D0E4}.MinSizeRel|Win32.Build.0 = MinSizeRel|Win32
		{7291441A-8B6F-3540-B61B-CA361A36D0E4}.RelWithDebInfo|Win32.ActiveCfg = RelWithDebInfo|Win32
		{7291441A-8B6F-3540-B61B-CA361A36D0E4}.RelWithDebInfo|Win32.Build.0 = RelWithDebInfo|Win32
		{794FC52E-CA6A-3774-BBCF-3E4171EA1D69}.Debug|Win32.ActiveCfg = Debug|Win32
		{794FC52E-CA6A-3774-BBCF-3E4171EA1D69}.Debug|Win32.Build.0 = Debug|Win32
		{794FC52E-CA6A-3774-BBCF-3E4171EA1D69}.Release|Win32.ActiveCfg = Release|Win32
		{794FC52E-CA6A-3774-BBCF-3E4171EA1D69}.Release|Win32.Build.0 = Release|Win32
		{794FC52E-CA6A-3774-BBCF-3E4171EA1D69}.MinSizeRel|Win32.ActiveCfg = MinSizeRel|Win32
		{794FC52E-CA6A-3774-BBCF-3E4171EA1D69}.MinSizeRel|Win32.Build.0 = MinSizeRel|Win32
		{794FC52E-CA6A-3774-BBCF-3E4171EA1D69}.RelWithDebInfo|Win32.ActiveCfg = RelWithDebInfo|Win32
		{794FC52E-CA6A-3774-BBCF-3E4171EA1D69}.RelWithDebInfo|Win32.Build.0 = RelWithDebInfo|Win32
		{6BAC0567-EF00-3164-874E-8D9F044DAE2F}.Debug|Win32.ActiveCfg = Debug|Win32
		{6BAC0567-EF00-3164-874E-8D9F044DAE2F}.Debug|Win32.Build.0 = Debug|Win32
		{6BAC0567-EF00-3164-874E-8D9F044DAE2F}.Release|Win32.ActiveCfg = Release|Win32
		{6BAC0567-EF00-3164-874E-8D9F044DAE2F}.Release|Win32.Build.0 = Release|Win32
		{6BAC0567-EF00-3164-874E-8D9F044DAE2F}.MinSizeRel|Win32.ActiveCfg = MinSizeRel|Win32
		{6BAC0567-EF00-3164-874E-8D9F044DAE2F}.MinSizeRel|Win32.Build.0 = MinSizeRel|Win32
		{6BAC0567-EF00-3164-874E-8D9F044DAE2F}.RelWithDebInfo|Win32.ActiveCfg = RelWithDebInfo|Win32
		{6BAC0567-EF00-3164-874E-8D9F044DAE2F}.RelWithDebInfo|Win32.Build.0 = RelWithDebInfo|Win32
		{45FD224A-A7A4-3093-955E-5D05DE1335A9}.Debug|Win32.ActiveCfg = Debug|Win32
		{45FD224A-A7A4-3093-955E-5D05DE1335A9}.Debug|Win32.Build.0 = Debug|Win32
		{45FD224A-A7A4-3093-955E-5D05DE1335A9}.Release|Win32.ActiveCfg = Release|Win32
		{45FD224A-A7A4-3093-955E-5D05DE1335A9}.Release|Win32.Build.0 = Release|Win32
		{45FD224A-A7A4-3093-955E-5D05DE1335A9}.MinSizeRel|Win32.ActiveCfg = MinSizeRel|Win32
		{45FD224A-A7A4-3093-955E-5D05DE1335A9}.MinSizeRel|Win32.Build.0 = MinSizeRel|Win32
		{45FD224A-A7A4-3093-955E-5D05DE1335A9}.RelWithDebInfo|Win32.ActiveCfg = RelWithDebInfo|Win32
		{45FD224A-A7A4-3093-955E-5D05DE1335A9}.RelWithDebInfo|Win32.Build.0 = RelWithDebInfo|Win32
		{C03C661C-86E3-3F5B-88CE-7A5C93348DE7}.Debug|Win32.ActiveCfg = Debug|Win32
		{C03C661C-86E3-3F5B-88CE-7A5C93348DE7}.Debug|Win32.Build.0 = Debug|Win32
		{C03C661C-86E3-3F5B-88CE-7A5C93348DE7}.Release|Win32.ActiveCfg = Release|Win32
		{C03C661C-86E3-3F5B-88CE-7A5C93348DE7}.Release|Win32.Build.0 = Release|Win32
		{C03C661C-86E3-3F5B-88CE-7A5C93348DE7}.MinSizeRel|Win32.ActiveCfg = MinSizeRel|Win32
		{C03C661C-86E3-3F5B-88CE-7A5C93348DE7}.MinSizeRel|Win32.Build.0 = MinSizeRel|Win32
		{C03C661C-86E3-3F5B-88CE-7A5C93348DE7}.RelWithDebInfo|Win32.ActiveCfg = RelWithDebInfo|Win32
		{C03C661C-86E3-3F5B-88CE-7A5C93348DE7}.RelWithDebInfo|Win32.Build.0 = RelWithDebInfo|Win32
	EndGlobalSection
	GlobalSection(ExtensibilityGlobals) = postSolution
	EndGlobalSection
	GlobalSection(ExtensibilityAddIns) = postSolution
	EndGlobalSection
EndGlobal
