<?xml version="1.0" encoding="UTF-8"?>
<Project ToolsVersion="4.0" xmlns="http://schemas.microsoft.com/developer/msbuild/2003">
  <ItemGroup>
    <ClCompile Include="Polynomials.cpp">
      <Filter>Source Files</Filter>
    </ClCompile>
    <ClCompile Include="Tables.cpp">
      <Filter>Source Files</Filter>
    </ClCompile>
  </ItemGroup>
  <ItemGroup>
    <ClInclude Include="..\include\List.h">
      <Filter>Header Files</Filter>
    </ClInclude>
    <ClInclude Include="..\include\Polynomials.h">
      <Filter>Header Files</Filter>
    </ClInclude>
    <ClInclude Include="..\include\Tables.h">
      <Filter>Header Files</Filter>
    </ClInclude>
  </ItemGroup>
  <ItemGroup>
    <CustomBuild Include="CMakeLists.txt" />
  </ItemGroup>
  <ItemGroup>
    <Filter Include="Source Files">
      <UniqueIdentifier>{9446894D-0998-337C-A57F-95BB1F81AA31}</UniqueIdentifier>
    </Filter>
    <Filter Include="Header Files">
      <UniqueIdentifier>{718B2F3F-87A6-3D1A-8AC5-DB2C1B05CCF9}</UniqueIdentifier>
    </Filter>
  </ItemGroup>
</Project>
